<?xml version="1.0" encoding="utf-8"?>
<Project ToolsVersion="4.0" xmlns="http://schemas.microsoft.com/developer/msbuild/2003">
  <ItemGroup>
    <Filter Include="Source Files">
      <UniqueIdentifier>{4FC737F1-C7A5-4376-A066-2A32D752A2FF}</UniqueIdentifier>
      <Extensions>cpp;c;cc;cxx;def;odl;idl;hpj;bat;asm;asmx</Extensions>
    </Filter>
    <Filter Include="Header Files">
      <UniqueIdentifier>{93995380-89BD-4b04-88EB-625FBE52EBFB}</UniqueIdentifier>
      <Extensions>h;hpp;hxx;hm;inl;inc;xsd</Extensions>
    </Filter>
    <Filter Include="Resource Files">
      <UniqueIdentifier>{67DA6AB6-F800-4c08-8B7A-83BB121AAD01}</UniqueIdentifier>
      <Extensions>rc;ico;cur;bmp;dlg;rc2;rct;bin;rgs;gif;jpg;jpeg;jpe;resx;tiff;tif;png;wav</Extensions>
    </Filter>
  </ItemGroup>
  <ItemGroup>
    <ClCompile Include="source\prog.cpp">
      <Filter>Source Files</Filter>
    </ClCompile>
    <ClCompile Include="source\bst.cpp">
      <Filter>Source Files</Filter>
    </ClCompile>
    <ClCompile Include="source\main.cpp">
      <Filter>Source Files</Filter>
    </ClCompile>
    <ClCompile Include="source\factorial_cc.cpp">
      <Filter>Source Files</Filter>
    </ClCompile>
    <ClCompile Include="source\doublesquares_hc_fb.cpp">
      <Filter>Source Files</Filter>
    </ClCompile>
    <ClCompile Include="source\diamonds_gcj.cpp">
      <Filter>Source Files</Filter>
    </ClCompile>
    <ClCompile Include="source\fibs.cpp">
      <Filter>Source Files</Filter>
    </ClCompile>
    <ClCompile Include="source\SimpleTimer.cpp">
      <Filter>Source Files</Filter>
    </ClCompile>
    <ClCompile Include="source\errors.cpp">
      <Filter>Source Files</Filter>
    </ClCompile>
    <ClCompile Include="source\longest_pallindrome.cpp">
      <Filter>Source Files</Filter>
    </ClCompile>
    <ClCompile Include="source\arranging_cup_cc.cpp">
      <Filter>Source Files</Filter>
    </ClCompile>
    <ClCompile Include="source\elephant_n_candy_cc.cpp">
      <Filter>Source Files</Filter>
    </ClCompile>
  </ItemGroup>
  <ItemGroup>
    <ClInclude Include="include\bst.h">
      <Filter>Header Files</Filter>
    </ClInclude>
    <ClInclude Include="include\simpledict.h">
      <Filter>Header Files</Filter>
    </ClInclude>
    <ClInclude Include="include\stringtostring.h">
      <Filter>Header Files</Filter>
    </ClInclude>
    <ClInclude Include="include\trie.h">
      <Filter>Header Files</Filter>
    </ClInclude>
    <ClInclude Include="include\tree.h">
      <Filter>Header Files</Filter>
    </ClInclude>
    <ClInclude Include="include\glasses.h">
      <Filter>Header Files</Filter>
    </ClInclude>
    <ClInclude Include="include\graph.h">
      <Filter>Header Files</Filter>
    </ClInclude>
    <ClInclude Include="include\SimpleTimer.h">
      <Filter>Header Files</Filter>
    </ClInclude>
    <ClInclude Include="include\heap.h">
      <Filter>Header Files</Filter>
    </ClInclude>
    <ClInclude Include="include\misc_small.h">
      <Filter>Header Files</Filter>
    </ClInclude>
    <ClInclude Include="include\misc.h">
      <Filter>Header Files</Filter>
    </ClInclude>
    <ClInclude Include="include\sort.h">
      <Filter>Header Files</Filter>
    </ClInclude>
    <ClInclude Include="include\fb.h">
      <Filter>Header Files</Filter>
    </ClInclude>
    <ClInclude Include="include\ivstreet.h">
      <Filter>Header Files</Filter>
    </ClInclude>
    <ClInclude Include="include\pchal.h">
      <Filter>Header Files</Filter>
    </ClInclude>
    <ClInclude Include="include\codechef.h">
      <Filter>Header Files</Filter>
    </ClInclude>
    <ClInclude Include="include\project_euler.h">
      <Filter>Header Files</Filter>
    </ClInclude>
    <ClInclude Include="include\algo_part2.h">
      <Filter>Header Files</Filter>
    </ClInclude>
    <ClInclude Include="include\algo4iv.h">
      <Filter>Header Files</Filter>
    </ClInclude>
    <ClInclude Include="include\cc_gfg.h">
      <Filter>Header Files</Filter>
    </ClInclude>
    <ClInclude Include="include\msiv.h">
      <Filter>Header Files</Filter>
    </ClInclude>
    <ClInclude Include="include\geeksforgeeks.h">
      <Filter>Header Files</Filter>
    </ClInclude>
    <ClInclude Include="include\topcoder.h">
      <Filter>Header Files</Filter>
    </ClInclude>
    <ClInclude Include="include\peking.h">
      <Filter>Header Files</Filter>
    </ClInclude>
  </ItemGroup>
</Project>